// !$*UTF8*$!
{
	archiveVersion = 1;
	classes = {
	};
	objectVersion = 56;
	objects = {

/* Begin PBXBuildFile section */
		3CC6CF340928D098E3B7DC7E /* Pods_EMSwiftUI.framework in Frameworks */ = {isa = PBXBuildFile; fileRef = 82D8128A0B00AE2EC09477D9 /* Pods_EMSwiftUI.framework */; };
		D83E2ECB2B2FC51E00A338A7 /* MangaListService.swift in Sources */ = {isa = PBXBuildFile; fileRef = D83E2ECA2B2FC51E00A338A7 /* MangaListService.swift */; };
		D83E2ECD2B2FC56400A338A7 /* MangaListModel.swift in Sources */ = {isa = PBXBuildFile; fileRef = D83E2ECC2B2FC56400A338A7 /* MangaListModel.swift */; };
		D83E2ECF2B2FC7ED00A338A7 /* MangaListViewModel.swift in Sources */ = {isa = PBXBuildFile; fileRef = D83E2ECE2B2FC7ED00A338A7 /* MangaListViewModel.swift */; };
		D83E2ED12B2FCE6B00A338A7 /* ImageExtension.swift in Sources */ = {isa = PBXBuildFile; fileRef = D83E2ED02B2FCE6B00A338A7 /* ImageExtension.swift */; };
		D83E2EE32B2FDBC300A338A7 /* FilterView.swift in Sources */ = {isa = PBXBuildFile; fileRef = D83E2EE22B2FDBC300A338A7 /* FilterView.swift */; };
		D8A6073E2B2F3DE20093F5A4 /* EMSwiftUIApp.swift in Sources */ = {isa = PBXBuildFile; fileRef = D8A6073D2B2F3DE20093F5A4 /* EMSwiftUIApp.swift */; };
		D8A607402B2F3DE20093F5A4 /* ContentView.swift in Sources */ = {isa = PBXBuildFile; fileRef = D8A6073F2B2F3DE20093F5A4 /* ContentView.swift */; };
		D8A607422B2F3DE40093F5A4 /* Assets.xcassets in Resources */ = {isa = PBXBuildFile; fileRef = D8A607412B2F3DE40093F5A4 /* Assets.xcassets */; };
		D8A607452B2F3DE40093F5A4 /* Preview Assets.xcassets in Resources */ = {isa = PBXBuildFile; fileRef = D8A607442B2F3DE40093F5A4 /* Preview Assets.xcassets */; };
		D8A6074E2B2F3E1A0093F5A4 /* MainView.swift in Sources */ = {isa = PBXBuildFile; fileRef = D8A6074D2B2F3E1A0093F5A4 /* MainView.swift */; };
		D8A6075E2B2F45EE0093F5A4 /* SF-Pro.ttf in Resources */ = {isa = PBXBuildFile; fileRef = D8A607532B2F45060093F5A4 /* SF-Pro.ttf */; };
		D8A6075F2B2F45EE0093F5A4 /* SF-Pro-Text-Light.otf in Resources */ = {isa = PBXBuildFile; fileRef = D8A607562B2F45330093F5A4 /* SF-Pro-Text-Light.otf */; };
		D8A607602B2F45EE0093F5A4 /* SF-Pro-Text-Bold.otf in Resources */ = {isa = PBXBuildFile; fileRef = D8A6075A2B2F45330093F5A4 /* SF-Pro-Text-Bold.otf */; };
		D8A607612B2F45EE0093F5A4 /* SF-Pro-Text-Thin.otf in Resources */ = {isa = PBXBuildFile; fileRef = D8A607552B2F45330093F5A4 /* SF-Pro-Text-Thin.otf */; };
		D8A607622B2F45EE0093F5A4 /* SF-Pro-Text-Ultralight.otf in Resources */ = {isa = PBXBuildFile; fileRef = D8A607582B2F45330093F5A4 /* SF-Pro-Text-Ultralight.otf */; };
		D8A607632B2F45EE0093F5A4 /* SF-Pro-Text-Black.otf in Resources */ = {isa = PBXBuildFile; fileRef = D8A6075B2B2F45330093F5A4 /* SF-Pro-Text-Black.otf */; };
		D8A607642B2F45EE0093F5A4 /* SF-Pro-Text-Medium.otf in Resources */ = {isa = PBXBuildFile; fileRef = D8A6075C2B2F45330093F5A4 /* SF-Pro-Text-Medium.otf */; };
		D8A607652B2F45EE0093F5A4 /* SF-Pro-Text-Heavy.otf in Resources */ = {isa = PBXBuildFile; fileRef = D8A607572B2F45330093F5A4 /* SF-Pro-Text-Heavy.otf */; };
		D8A607662B2F45EE0093F5A4 /* SF-Pro-Text-Regular.otf in Resources */ = {isa = PBXBuildFile; fileRef = D8A607592B2F45330093F5A4 /* SF-Pro-Text-Regular.otf */; };
		D8A607672B2F45EE0093F5A4 /* SF-Pro-Text-Semibold.otf in Resources */ = {isa = PBXBuildFile; fileRef = D8A607542B2F45320093F5A4 /* SF-Pro-Text-Semibold.otf */; };
		D8A607702B2FB23C0093F5A4 /* XCAssets+Generated.swift in Sources */ = {isa = PBXBuildFile; fileRef = D8A6076E2B2FB23C0093F5A4 /* XCAssets+Generated.swift */; };
		D8A607712B2FB23C0093F5A4 /* Fonts+Generated.swift in Sources */ = {isa = PBXBuildFile; fileRef = D8A6076F2B2FB23C0093F5A4 /* Fonts+Generated.swift */; };
		D8A607732B2FB7430093F5A4 /* MangaSectionView.swift in Sources */ = {isa = PBXBuildFile; fileRef = D8A607722B2FB7430093F5A4 /* MangaSectionView.swift */; };
		D8A607752B2FB7740093F5A4 /* MangaSingleGridView.swift in Sources */ = {isa = PBXBuildFile; fileRef = D8A607742B2FB7740093F5A4 /* MangaSingleGridView.swift */; };
		D8A607772B2FB84E0093F5A4 /* RatingView.swift in Sources */ = {isa = PBXBuildFile; fileRef = D8A607762B2FB84E0093F5A4 /* RatingView.swift */; };
		D8A607792B2FBE6F0093F5A4 /* MangaSectionTitleView.swift in Sources */ = {isa = PBXBuildFile; fileRef = D8A607782B2FBE6F0093F5A4 /* MangaSectionTitleView.swift */; };
		D8A6077D2B2FC1F70093F5A4 /* Network.swift in Sources */ = {isa = PBXBuildFile; fileRef = D8A6077C2B2FC1F70093F5A4 /* Network.swift */; };
		D8A6077F2B2FC2010093F5A4 /* Endpoint.swift in Sources */ = {isa = PBXBuildFile; fileRef = D8A6077E2B2FC2010093F5A4 /* Endpoint.swift */; };
		D8A607812B2FC20E0093F5A4 /* NetworkError.swift in Sources */ = {isa = PBXBuildFile; fileRef = D8A607802B2FC20E0093F5A4 /* NetworkError.swift */; };
		D8A607832B2FC2150093F5A4 /* DataState.swift in Sources */ = {isa = PBXBuildFile; fileRef = D8A607822B2FC2150093F5A4 /* DataState.swift */; };
		FA841AE62B70FB36000B8F6D /* FlowLayout.swift in Sources */ = {isa = PBXBuildFile; fileRef = FA841AE52B70FB36000B8F6D /* FlowLayout.swift */; };
		FA841AE82B70FFBC000B8F6D /* FilterButton.swift in Sources */ = {isa = PBXBuildFile; fileRef = FA841AE72B70FFBC000B8F6D /* FilterButton.swift */; };
		FA956CB02B710AF1009BDD4D /* FilterSectionModel.swift in Sources */ = {isa = PBXBuildFile; fileRef = FA956CAF2B710AF1009BDD4D /* FilterSectionModel.swift */; };
		FA956CB32B710D67009BDD4D /* FilterCollapsibleView.swift in Sources */ = {isa = PBXBuildFile; fileRef = FA956CB22B710D67009BDD4D /* FilterCollapsibleView.swift */; };
		FAC3ABAE2B70222F00ABFE8F /* RatingViewModel.swift in Sources */ = {isa = PBXBuildFile; fileRef = FAC3ABAD2B70222F00ABFE8F /* RatingViewModel.swift */; };
		FAC3ABB02B702C6B00ABFE8F /* FilterSelectionView.swift in Sources */ = {isa = PBXBuildFile; fileRef = FAC3ABAF2B702C6B00ABFE8F /* FilterSelectionView.swift */; };
		FAC3ABB32B702CE100ABFE8F /* FiltersView.swift in Sources */ = {isa = PBXBuildFile; fileRef = FAC3ABB22B702CE100ABFE8F /* FiltersView.swift */; };
		FAC3ABB52B70303E00ABFE8F /* FiltersGrid.swift in Sources */ = {isa = PBXBuildFile; fileRef = FAC3ABB42B70303E00ABFE8F /* FiltersGrid.swift */; };
		FAC3ABB72B7030C400ABFE8F /* FilterSingleView.swift in Sources */ = {isa = PBXBuildFile; fileRef = FAC3ABB62B7030C400ABFE8F /* FilterSingleView.swift */; };
/* End PBXBuildFile section */

/* Begin PBXFileReference section */
		102511BD94F8A2F9E8293F39 /* Pods-EMSwiftUI.debug.xcconfig */ = {isa = PBXFileReference; includeInIndex = 1; lastKnownFileType = text.xcconfig; name = "Pods-EMSwiftUI.debug.xcconfig"; path = "Target Support Files/Pods-EMSwiftUI/Pods-EMSwiftUI.debug.xcconfig"; sourceTree = "<group>"; };
		82D8128A0B00AE2EC09477D9 /* Pods_EMSwiftUI.framework */ = {isa = PBXFileReference; explicitFileType = wrapper.framework; includeInIndex = 0; path = Pods_EMSwiftUI.framework; sourceTree = BUILT_PRODUCTS_DIR; };
		A93AE6ABC0F624436C5F3F76 /* Pods-EMSwiftUI.release.xcconfig */ = {isa = PBXFileReference; includeInIndex = 1; lastKnownFileType = text.xcconfig; name = "Pods-EMSwiftUI.release.xcconfig"; path = "Target Support Files/Pods-EMSwiftUI/Pods-EMSwiftUI.release.xcconfig"; sourceTree = "<group>"; };
		D83E2ECA2B2FC51E00A338A7 /* MangaListService.swift */ = {isa = PBXFileReference; lastKnownFileType = sourcecode.swift; path = MangaListService.swift; sourceTree = "<group>"; };
		D83E2ECC2B2FC56400A338A7 /* MangaListModel.swift */ = {isa = PBXFileReference; lastKnownFileType = sourcecode.swift; path = MangaListModel.swift; sourceTree = "<group>"; };
		D83E2ECE2B2FC7ED00A338A7 /* MangaListViewModel.swift */ = {isa = PBXFileReference; lastKnownFileType = sourcecode.swift; path = MangaListViewModel.swift; sourceTree = "<group>"; };
		D83E2ED02B2FCE6B00A338A7 /* ImageExtension.swift */ = {isa = PBXFileReference; lastKnownFileType = sourcecode.swift; path = ImageExtension.swift; sourceTree = "<group>"; };
		D83E2ED32B2FD76B00A338A7 /* Readme.md */ = {isa = PBXFileReference; lastKnownFileType = net.daringfireball.markdown; path = Readme.md; sourceTree = "<group>"; };
		D83E2EE22B2FDBC300A338A7 /* FilterView.swift */ = {isa = PBXFileReference; lastKnownFileType = sourcecode.swift; path = FilterView.swift; sourceTree = "<group>"; };
		D8A6073A2B2F3DE20093F5A4 /* EMSwiftUI.app */ = {isa = PBXFileReference; explicitFileType = wrapper.application; includeInIndex = 0; path = EMSwiftUI.app; sourceTree = BUILT_PRODUCTS_DIR; };
		D8A6073D2B2F3DE20093F5A4 /* EMSwiftUIApp.swift */ = {isa = PBXFileReference; lastKnownFileType = sourcecode.swift; path = EMSwiftUIApp.swift; sourceTree = "<group>"; };
		D8A6073F2B2F3DE20093F5A4 /* ContentView.swift */ = {isa = PBXFileReference; lastKnownFileType = sourcecode.swift; path = ContentView.swift; sourceTree = "<group>"; };
		D8A607412B2F3DE40093F5A4 /* Assets.xcassets */ = {isa = PBXFileReference; lastKnownFileType = folder.assetcatalog; path = Assets.xcassets; sourceTree = "<group>"; };
		D8A607442B2F3DE40093F5A4 /* Preview Assets.xcassets */ = {isa = PBXFileReference; lastKnownFileType = folder.assetcatalog; path = "Preview Assets.xcassets"; sourceTree = "<group>"; };
		D8A6074D2B2F3E1A0093F5A4 /* MainView.swift */ = {isa = PBXFileReference; lastKnownFileType = sourcecode.swift; path = MainView.swift; sourceTree = "<group>"; };
		D8A6074F2B2F3E770093F5A4 /* Readme.md */ = {isa = PBXFileReference; lastKnownFileType = net.daringfireball.markdown; path = Readme.md; sourceTree = "<group>"; };
		D8A607532B2F45060093F5A4 /* SF-Pro.ttf */ = {isa = PBXFileReference; lastKnownFileType = file; path = "SF-Pro.ttf"; sourceTree = "<group>"; };
		D8A607542B2F45320093F5A4 /* SF-Pro-Text-Semibold.otf */ = {isa = PBXFileReference; lastKnownFileType = file; path = "SF-Pro-Text-Semibold.otf"; sourceTree = "<group>"; };
		D8A607552B2F45330093F5A4 /* SF-Pro-Text-Thin.otf */ = {isa = PBXFileReference; lastKnownFileType = file; path = "SF-Pro-Text-Thin.otf"; sourceTree = "<group>"; };
		D8A607562B2F45330093F5A4 /* SF-Pro-Text-Light.otf */ = {isa = PBXFileReference; lastKnownFileType = file; path = "SF-Pro-Text-Light.otf"; sourceTree = "<group>"; };
		D8A607572B2F45330093F5A4 /* SF-Pro-Text-Heavy.otf */ = {isa = PBXFileReference; lastKnownFileType = file; path = "SF-Pro-Text-Heavy.otf"; sourceTree = "<group>"; };
		D8A607582B2F45330093F5A4 /* SF-Pro-Text-Ultralight.otf */ = {isa = PBXFileReference; lastKnownFileType = file; path = "SF-Pro-Text-Ultralight.otf"; sourceTree = "<group>"; };
		D8A607592B2F45330093F5A4 /* SF-Pro-Text-Regular.otf */ = {isa = PBXFileReference; lastKnownFileType = file; path = "SF-Pro-Text-Regular.otf"; sourceTree = "<group>"; };
		D8A6075A2B2F45330093F5A4 /* SF-Pro-Text-Bold.otf */ = {isa = PBXFileReference; lastKnownFileType = file; path = "SF-Pro-Text-Bold.otf"; sourceTree = "<group>"; };
		D8A6075B2B2F45330093F5A4 /* SF-Pro-Text-Black.otf */ = {isa = PBXFileReference; lastKnownFileType = file; path = "SF-Pro-Text-Black.otf"; sourceTree = "<group>"; };
		D8A6075C2B2F45330093F5A4 /* SF-Pro-Text-Medium.otf */ = {isa = PBXFileReference; lastKnownFileType = file; path = "SF-Pro-Text-Medium.otf"; sourceTree = "<group>"; };
		D8A607682B2F46020093F5A4 /* Info.plist */ = {isa = PBXFileReference; lastKnownFileType = text.plist; path = Info.plist; sourceTree = "<group>"; };
		D8A6076E2B2FB23C0093F5A4 /* XCAssets+Generated.swift */ = {isa = PBXFileReference; fileEncoding = 4; lastKnownFileType = sourcecode.swift; path = "XCAssets+Generated.swift"; sourceTree = "<group>"; };
		D8A6076F2B2FB23C0093F5A4 /* Fonts+Generated.swift */ = {isa = PBXFileReference; fileEncoding = 4; lastKnownFileType = sourcecode.swift; path = "Fonts+Generated.swift"; sourceTree = "<group>"; };
		D8A607722B2FB7430093F5A4 /* MangaSectionView.swift */ = {isa = PBXFileReference; lastKnownFileType = sourcecode.swift; path = MangaSectionView.swift; sourceTree = "<group>"; };
		D8A607742B2FB7740093F5A4 /* MangaSingleGridView.swift */ = {isa = PBXFileReference; lastKnownFileType = sourcecode.swift; path = MangaSingleGridView.swift; sourceTree = "<group>"; };
		D8A607762B2FB84E0093F5A4 /* RatingView.swift */ = {isa = PBXFileReference; lastKnownFileType = sourcecode.swift; path = RatingView.swift; sourceTree = "<group>"; };
		D8A607782B2FBE6F0093F5A4 /* MangaSectionTitleView.swift */ = {isa = PBXFileReference; lastKnownFileType = sourcecode.swift; path = MangaSectionTitleView.swift; sourceTree = "<group>"; };
		D8A6077A2B2FC0E20093F5A4 /* Readme.md */ = {isa = PBXFileReference; lastKnownFileType = net.daringfireball.markdown; path = Readme.md; sourceTree = "<group>"; };
		D8A6077C2B2FC1F70093F5A4 /* Network.swift */ = {isa = PBXFileReference; lastKnownFileType = sourcecode.swift; path = Network.swift; sourceTree = "<group>"; };
		D8A6077E2B2FC2010093F5A4 /* Endpoint.swift */ = {isa = PBXFileReference; lastKnownFileType = sourcecode.swift; path = Endpoint.swift; sourceTree = "<group>"; };
		D8A607802B2FC20E0093F5A4 /* NetworkError.swift */ = {isa = PBXFileReference; lastKnownFileType = sourcecode.swift; path = NetworkError.swift; sourceTree = "<group>"; };
		D8A607822B2FC2150093F5A4 /* DataState.swift */ = {isa = PBXFileReference; lastKnownFileType = sourcecode.swift; path = DataState.swift; sourceTree = "<group>"; };
		FA841AE52B70FB36000B8F6D /* FlowLayout.swift */ = {isa = PBXFileReference; lastKnownFileType = sourcecode.swift; path = FlowLayout.swift; sourceTree = "<group>"; };
		FA841AE72B70FFBC000B8F6D /* FilterButton.swift */ = {isa = PBXFileReference; lastKnownFileType = sourcecode.swift; path = FilterButton.swift; sourceTree = "<group>"; };
		FA956CAF2B710AF1009BDD4D /* FilterSectionModel.swift */ = {isa = PBXFileReference; lastKnownFileType = sourcecode.swift; path = FilterSectionModel.swift; sourceTree = "<group>"; };
		FA956CB22B710D67009BDD4D /* FilterCollapsibleView.swift */ = {isa = PBXFileReference; lastKnownFileType = sourcecode.swift; path = FilterCollapsibleView.swift; sourceTree = "<group>"; };
		FAC3ABAD2B70222F00ABFE8F /* RatingViewModel.swift */ = {isa = PBXFileReference; lastKnownFileType = sourcecode.swift; path = RatingViewModel.swift; sourceTree = "<group>"; };
		FAC3ABAF2B702C6B00ABFE8F /* FilterSelectionView.swift */ = {isa = PBXFileReference; lastKnownFileType = sourcecode.swift; path = FilterSelectionView.swift; sourceTree = "<group>"; };
		FAC3ABB22B702CE100ABFE8F /* FiltersView.swift */ = {isa = PBXFileReference; lastKnownFileType = sourcecode.swift; path = FiltersView.swift; sourceTree = "<group>"; };
		FAC3ABB42B70303E00ABFE8F /* FiltersGrid.swift */ = {isa = PBXFileReference; lastKnownFileType = sourcecode.swift; path = FiltersGrid.swift; sourceTree = "<group>"; };
		FAC3ABB62B7030C400ABFE8F /* FilterSingleView.swift */ = {isa = PBXFileReference; lastKnownFileType = sourcecode.swift; path = FilterSingleView.swift; sourceTree = "<group>"; };
/* End PBXFileReference section */

/* Begin PBXFrameworksBuildPhase section */
		D8A607372B2F3DE20093F5A4 /* Frameworks */ = {
			isa = PBXFrameworksBuildPhase;
			buildActionMask = 2147483647;
			files = (
				3CC6CF340928D098E3B7DC7E /* Pods_EMSwiftUI.framework in Frameworks */,
			);
			runOnlyForDeploymentPostprocessing = 0;
		};
/* End PBXFrameworksBuildPhase section */

/* Begin PBXGroup section */
		43E53583743C55D97ACE9F51 /* Frameworks */ = {
			isa = PBXGroup;
			children = (
				82D8128A0B00AE2EC09477D9 /* Pods_EMSwiftUI.framework */,
			);
			name = Frameworks;
			sourceTree = "<group>";
		};
		D83E2ED22B2FD74E00A338A7 /* Part 3 FlexibleLayout */ = {
			isa = PBXGroup;
			children = (
				FA956CB12B710D2A009BDD4D /* Model */,
				D83E2ED32B2FD76B00A338A7 /* Readme.md */,
				D83E2EE22B2FDBC300A338A7 /* FilterView.swift */,
				FAC3ABAF2B702C6B00ABFE8F /* FilterSelectionView.swift */,
				FAC3ABB42B70303E00ABFE8F /* FiltersGrid.swift */,
				FAC3ABB62B7030C400ABFE8F /* FilterSingleView.swift */,
				FAC3ABB22B702CE100ABFE8F /* FiltersView.swift */,
				FA841AE52B70FB36000B8F6D /* FlowLayout.swift */,
				FA841AE72B70FFBC000B8F6D /* FilterButton.swift */,
				FA956CB22B710D67009BDD4D /* FilterCollapsibleView.swift */,
			);
			path = "Part 3 FlexibleLayout";
			sourceTree = "<group>";
		};
		D83E2EE42B2FDCD500A338A7 /* Extensions */ = {
			isa = PBXGroup;
			children = (
				D83E2ED02B2FCE6B00A338A7 /* ImageExtension.swift */,
			);
			path = Extensions;
			sourceTree = "<group>";
		};
		D8A607312B2F3DE20093F5A4 = {
			isa = PBXGroup;
			children = (
				D8A6073C2B2F3DE20093F5A4 /* EMSwiftUI */,
				D8A6073B2B2F3DE20093F5A4 /* Products */,
				E69F4A6B4C86BB557C514CC9 /* Pods */,
				43E53583743C55D97ACE9F51 /* Frameworks */,
			);
			sourceTree = "<group>";
		};
		D8A6073B2B2F3DE20093F5A4 /* Products */ = {
			isa = PBXGroup;
			children = (
				D8A6073A2B2F3DE20093F5A4 /* EMSwiftUI.app */,
			);
			name = Products;
			sourceTree = "<group>";
		};
		D8A6073C2B2F3DE20093F5A4 /* EMSwiftUI */ = {
			isa = PBXGroup;
			children = (
				D8A607682B2F46020093F5A4 /* Info.plist */,
				D8A6073D2B2F3DE20093F5A4 /* EMSwiftUIApp.swift */,
				D8A6073F2B2F3DE20093F5A4 /* ContentView.swift */,
				D8A6074B2B2F3DF60093F5A4 /* Part 1 Simple View */,
				D8A6074C2B2F3E010093F5A4 /* Part 2 ViewModel */,
				D83E2ED22B2FD74E00A338A7 /* Part 3 FlexibleLayout */,
				D8A6077B2B2FC1EB0093F5A4 /* Network */,
				D83E2EE42B2FDCD500A338A7 /* Extensions */,
				D8A6075D2B2F453F0093F5A4 /* Resources */,
				D8A6076D2B2FB1F60093F5A4 /* Generated */,
				D8A607432B2F3DE40093F5A4 /* Preview Content */,
			);
			path = EMSwiftUI;
			sourceTree = "<group>";
		};
		D8A607432B2F3DE40093F5A4 /* Preview Content */ = {
			isa = PBXGroup;
			children = (
				D8A607442B2F3DE40093F5A4 /* Preview Assets.xcassets */,
			);
			path = "Preview Content";
			sourceTree = "<group>";
		};
		D8A6074B2B2F3DF60093F5A4 /* Part 1 Simple View */ = {
			isa = PBXGroup;
			children = (
				D8A6074F2B2F3E770093F5A4 /* Readme.md */,
				D8A6074D2B2F3E1A0093F5A4 /* MainView.swift */,
				D8A607722B2FB7430093F5A4 /* MangaSectionView.swift */,
				D8A607782B2FBE6F0093F5A4 /* MangaSectionTitleView.swift */,
				D8A607742B2FB7740093F5A4 /* MangaSingleGridView.swift */,
				D8A607762B2FB84E0093F5A4 /* RatingView.swift */,
			);
			path = "Part 1 Simple View";
			sourceTree = "<group>";
		};
		D8A6074C2B2F3E010093F5A4 /* Part 2 ViewModel */ = {
			isa = PBXGroup;
			children = (
				D8A6077A2B2FC0E20093F5A4 /* Readme.md */,
				D83E2ECA2B2FC51E00A338A7 /* MangaListService.swift */,
				D83E2ECE2B2FC7ED00A338A7 /* MangaListViewModel.swift */,
				D83E2ECC2B2FC56400A338A7 /* MangaListModel.swift */,
				FAC3ABAD2B70222F00ABFE8F /* RatingViewModel.swift */,
			);
			path = "Part 2 ViewModel";
			sourceTree = "<group>";
		};
		D8A6075D2B2F453F0093F5A4 /* Resources */ = {
			isa = PBXGroup;
			children = (
				D8A607412B2F3DE40093F5A4 /* Assets.xcassets */,
				D8A607692B2F48740093F5A4 /* Fonts */,
			);
			path = Resources;
			sourceTree = "<group>";
		};
		D8A607692B2F48740093F5A4 /* Fonts */ = {
			isa = PBXGroup;
			children = (
				D8A607532B2F45060093F5A4 /* SF-Pro.ttf */,
				D8A6075B2B2F45330093F5A4 /* SF-Pro-Text-Black.otf */,
				D8A6075A2B2F45330093F5A4 /* SF-Pro-Text-Bold.otf */,
				D8A607572B2F45330093F5A4 /* SF-Pro-Text-Heavy.otf */,
				D8A607562B2F45330093F5A4 /* SF-Pro-Text-Light.otf */,
				D8A6075C2B2F45330093F5A4 /* SF-Pro-Text-Medium.otf */,
				D8A607592B2F45330093F5A4 /* SF-Pro-Text-Regular.otf */,
				D8A607542B2F45320093F5A4 /* SF-Pro-Text-Semibold.otf */,
				D8A607552B2F45330093F5A4 /* SF-Pro-Text-Thin.otf */,
				D8A607582B2F45330093F5A4 /* SF-Pro-Text-Ultralight.otf */,
			);
			path = Fonts;
			sourceTree = "<group>";
		};
		D8A6076D2B2FB1F60093F5A4 /* Generated */ = {
			isa = PBXGroup;
			children = (
				D8A6076F2B2FB23C0093F5A4 /* Fonts+Generated.swift */,
				D8A6076E2B2FB23C0093F5A4 /* XCAssets+Generated.swift */,
			);
			path = Generated;
			sourceTree = "<group>";
		};
		D8A6077B2B2FC1EB0093F5A4 /* Network */ = {
			isa = PBXGroup;
			children = (
				D8A6077C2B2FC1F70093F5A4 /* Network.swift */,
				D8A6077E2B2FC2010093F5A4 /* Endpoint.swift */,
				D8A607802B2FC20E0093F5A4 /* NetworkError.swift */,
				D8A607822B2FC2150093F5A4 /* DataState.swift */,
			);
			path = Network;
			sourceTree = "<group>";
		};
		E69F4A6B4C86BB557C514CC9 /* Pods */ = {
			isa = PBXGroup;
			children = (
				102511BD94F8A2F9E8293F39 /* Pods-EMSwiftUI.debug.xcconfig */,
				A93AE6ABC0F624436C5F3F76 /* Pods-EMSwiftUI.release.xcconfig */,
			);
			path = Pods;
			sourceTree = "<group>";
		};
		FA956CB12B710D2A009BDD4D /* Model */ = {
			isa = PBXGroup;
			children = (
				FA956CAF2B710AF1009BDD4D /* FilterSectionModel.swift */,
			);
			path = Model;
			sourceTree = "<group>";
		};
/* End PBXGroup section */

/* Begin PBXNativeTarget section */
		D8A607392B2F3DE20093F5A4 /* EMSwiftUI */ = {
			isa = PBXNativeTarget;
			buildConfigurationList = D8A607482B2F3DE40093F5A4 /* Build configuration list for PBXNativeTarget "EMSwiftUI" */;
			buildPhases = (
				89B7EB6484471504FEAB4D7C /* [CP] Check Pods Manifest.lock */,
				D8A607362B2F3DE20093F5A4 /* Sources */,
				D8A607372B2F3DE20093F5A4 /* Frameworks */,
				D8A607382B2F3DE20093F5A4 /* Resources */,
				D8A6076A2B2F49070093F5A4 /* Swiftgen */,
			);
			buildRules = (
			);
			dependencies = (
			);
			name = EMSwiftUI;
			productName = EMSwiftUI;
			productReference = D8A6073A2B2F3DE20093F5A4 /* EMSwiftUI.app */;
			productType = "com.apple.product-type.application";
		};
/* End PBXNativeTarget section */

/* Begin PBXProject section */
		D8A607322B2F3DE20093F5A4 /* Project object */ = {
			isa = PBXProject;
			attributes = {
				BuildIndependentTargetsInParallel = 1;
				LastSwiftUpdateCheck = 1500;
				LastUpgradeCheck = 1500;
				TargetAttributes = {
					D8A607392B2F3DE20093F5A4 = {
						CreatedOnToolsVersion = 15.0;
					};
				};
			};
			buildConfigurationList = D8A607352B2F3DE20093F5A4 /* Build configuration list for PBXProject "EMSwiftUI" */;
			compatibilityVersion = "Xcode 14.0";
			developmentRegion = en;
			hasScannedForEncodings = 0;
			knownRegions = (
				en,
				Base,
			);
			mainGroup = D8A607312B2F3DE20093F5A4;
			productRefGroup = D8A6073B2B2F3DE20093F5A4 /* Products */;
			projectDirPath = "";
			projectRoot = "";
			targets = (
				D8A607392B2F3DE20093F5A4 /* EMSwiftUI */,
			);
		};
/* End PBXProject section */

/* Begin PBXResourcesBuildPhase section */
		D8A607382B2F3DE20093F5A4 /* Resources */ = {
			isa = PBXResourcesBuildPhase;
			buildActionMask = 2147483647;
			files = (
				D8A607672B2F45EE0093F5A4 /* SF-Pro-Text-Semibold.otf in Resources */,
				D8A607662B2F45EE0093F5A4 /* SF-Pro-Text-Regular.otf in Resources */,
				D8A607452B2F3DE40093F5A4 /* Preview Assets.xcassets in Resources */,
				D8A607602B2F45EE0093F5A4 /* SF-Pro-Text-Bold.otf in Resources */,
				D8A607612B2F45EE0093F5A4 /* SF-Pro-Text-Thin.otf in Resources */,
				D8A6075E2B2F45EE0093F5A4 /* SF-Pro.ttf in Resources */,
				D8A6075F2B2F45EE0093F5A4 /* SF-Pro-Text-Light.otf in Resources */,
				D8A607622B2F45EE0093F5A4 /* SF-Pro-Text-Ultralight.otf in Resources */,
				D8A607422B2F3DE40093F5A4 /* Assets.xcassets in Resources */,
				D8A607652B2F45EE0093F5A4 /* SF-Pro-Text-Heavy.otf in Resources */,
				D8A607632B2F45EE0093F5A4 /* SF-Pro-Text-Black.otf in Resources */,
				D8A607642B2F45EE0093F5A4 /* SF-Pro-Text-Medium.otf in Resources */,
			);
			runOnlyForDeploymentPostprocessing = 0;
		};
/* End PBXResourcesBuildPhase section */

/* Begin PBXShellScriptBuildPhase section */
		89B7EB6484471504FEAB4D7C /* [CP] Check Pods Manifest.lock */ = {
			isa = PBXShellScriptBuildPhase;
			buildActionMask = 2147483647;
			files = (
			);
			inputFileListPaths = (
			);
			inputPaths = (
				"${PODS_PODFILE_DIR_PATH}/Podfile.lock",
				"${PODS_ROOT}/Manifest.lock",
			);
			name = "[CP] Check Pods Manifest.lock";
			outputFileListPaths = (
			);
			outputPaths = (
				"$(DERIVED_FILE_DIR)/Pods-EMSwiftUI-checkManifestLockResult.txt",
			);
			runOnlyForDeploymentPostprocessing = 0;
			shellPath = /bin/sh;
			shellScript = "diff \"${PODS_PODFILE_DIR_PATH}/Podfile.lock\" \"${PODS_ROOT}/Manifest.lock\" > /dev/null\nif [ $? != 0 ] ; then\n    # print error to STDERR\n    echo \"error: The sandbox is not in sync with the Podfile.lock. Run 'pod install' or update your CocoaPods installation.\" >&2\n    exit 1\nfi\n# This output is used by Xcode 'outputs' to avoid re-running this script phase.\necho \"SUCCESS\" > \"${SCRIPT_OUTPUT_FILE_0}\"\n";
			showEnvVarsInLog = 0;
		};
		D8A6076A2B2F49070093F5A4 /* Swiftgen */ = {
			isa = PBXShellScriptBuildPhase;
			buildActionMask = 2147483647;
			files = (
			);
			inputFileListPaths = (
			);
			inputPaths = (
				$PROJECT_DIR/$TARGET_NAME/swiftgen.yml,
			);
			name = Swiftgen;
			outputFileListPaths = (
			);
			outputPaths = (
			);
			runOnlyForDeploymentPostprocessing = 0;
			shellPath = /bin/sh;
			shellScript = "if [[ -f \"${PODS_ROOT}/SwiftGen/bin/swiftgen\" ]]; then\n  \"${PODS_ROOT}/SwiftGen/bin/swiftgen\"\nelse\n  echo \"warning: SwiftGen is not installed. Run 'pod install --repo-update' to install it.\"\nfi\n";
		};
/* End PBXShellScriptBuildPhase section */

/* Begin PBXSourcesBuildPhase section */
		D8A607362B2F3DE20093F5A4 /* Sources */ = {
			isa = PBXSourcesBuildPhase;
			buildActionMask = 2147483647;
			files = (
				D83E2ECB2B2FC51E00A338A7 /* MangaListService.swift in Sources */,
				FA841AE62B70FB36000B8F6D /* FlowLayout.swift in Sources */,
				D8A6077D2B2FC1F70093F5A4 /* Network.swift in Sources */,
				D8A607402B2F3DE20093F5A4 /* ContentView.swift in Sources */,
				D8A607752B2FB7740093F5A4 /* MangaSingleGridView.swift in Sources */,
				D83E2EE32B2FDBC300A338A7 /* FilterView.swift in Sources */,
				D8A607792B2FBE6F0093F5A4 /* MangaSectionTitleView.swift in Sources */,
				D8A607732B2FB7430093F5A4 /* MangaSectionView.swift in Sources */,
				D8A607772B2FB84E0093F5A4 /* RatingView.swift in Sources */,
				FAC3ABB02B702C6B00ABFE8F /* FilterSelectionView.swift in Sources */,
				D8A6074E2B2F3E1A0093F5A4 /* MainView.swift in Sources */,
				FAC3ABB72B7030C400ABFE8F /* FilterSingleView.swift in Sources */,
				FAC3ABB32B702CE100ABFE8F /* FiltersView.swift in Sources */,
				FA956CB32B710D67009BDD4D /* FilterCollapsibleView.swift in Sources */,
				D8A6073E2B2F3DE20093F5A4 /* EMSwiftUIApp.swift in Sources */,
				D83E2ED12B2FCE6B00A338A7 /* ImageExtension.swift in Sources */,
				D8A607712B2FB23C0093F5A4 /* Fonts+Generated.swift in Sources */,
				D8A607812B2FC20E0093F5A4 /* NetworkError.swift in Sources */,
				FA841AE82B70FFBC000B8F6D /* FilterButton.swift in Sources */,
				D8A607832B2FC2150093F5A4 /* DataState.swift in Sources */,
				D83E2ECD2B2FC56400A338A7 /* MangaListModel.swift in Sources */,
				FAC3ABB52B70303E00ABFE8F /* FiltersGrid.swift in Sources */,
				D8A6077F2B2FC2010093F5A4 /* Endpoint.swift in Sources */,
				D8A607702B2FB23C0093F5A4 /* XCAssets+Generated.swift in Sources */,
				D83E2ECF2B2FC7ED00A338A7 /* MangaListViewModel.swift in Sources */,
				FAC3ABAE2B70222F00ABFE8F /* RatingViewModel.swift in Sources */,
				FA956CB02B710AF1009BDD4D /* FilterSectionModel.swift in Sources */,
			);
			runOnlyForDeploymentPostprocessing = 0;
		};
/* End PBXSourcesBuildPhase section */

/* Begin XCBuildConfiguration section */
		D8A607462B2F3DE40093F5A4 /* Debug */ = {
			isa = XCBuildConfiguration;
			buildSettings = {
				ALWAYS_SEARCH_USER_PATHS = NO;
				ASSETCATALOG_COMPILER_GENERATE_SWIFT_ASSET_SYMBOL_EXTENSIONS = YES;
				CLANG_ANALYZER_NONNULL = YES;
				CLANG_ANALYZER_NUMBER_OBJECT_CONVERSION = YES_AGGRESSIVE;
				CLANG_CXX_LANGUAGE_STANDARD = "gnu++20";
				CLANG_ENABLE_MODULES = YES;
				CLANG_ENABLE_OBJC_ARC = YES;
				CLANG_ENABLE_OBJC_WEAK = YES;
				CLANG_WARN_BLOCK_CAPTURE_AUTORELEASING = YES;
				CLANG_WARN_BOOL_CONVERSION = YES;
				CLANG_WARN_COMMA = YES;
				CLANG_WARN_CONSTANT_CONVERSION = YES;
				CLANG_WARN_DEPRECATED_OBJC_IMPLEMENTATIONS = YES;
				CLANG_WARN_DIRECT_OBJC_ISA_USAGE = YES_ERROR;
				CLANG_WARN_DOCUMENTATION_COMMENTS = YES;
				CLANG_WARN_EMPTY_BODY = YES;
				CLANG_WARN_ENUM_CONVERSION = YES;
				CLANG_WARN_INFINITE_RECURSION = YES;
				CLANG_WARN_INT_CONVERSION = YES;
				CLANG_WARN_NON_LITERAL_NULL_CONVERSION = YES;
				CLANG_WARN_OBJC_IMPLICIT_RETAIN_SELF = YES;
				CLANG_WARN_OBJC_LITERAL_CONVERSION = YES;
				CLANG_WARN_OBJC_ROOT_CLASS = YES_ERROR;
				CLANG_WARN_QUOTED_INCLUDE_IN_FRAMEWORK_HEADER = YES;
				CLANG_WARN_RANGE_LOOP_ANALYSIS = YES;
				CLANG_WARN_STRICT_PROTOTYPES = YES;
				CLANG_WARN_SUSPICIOUS_MOVE = YES;
				CLANG_WARN_UNGUARDED_AVAILABILITY = YES_AGGRESSIVE;
				CLANG_WARN_UNREACHABLE_CODE = YES;
				CLANG_WARN__DUPLICATE_METHOD_MATCH = YES;
				COPY_PHASE_STRIP = NO;
				DEBUG_INFORMATION_FORMAT = dwarf;
				ENABLE_STRICT_OBJC_MSGSEND = YES;
				ENABLE_TESTABILITY = YES;
				ENABLE_USER_SCRIPT_SANDBOXING = YES;
				GCC_C_LANGUAGE_STANDARD = gnu17;
				GCC_DYNAMIC_NO_PIC = NO;
				GCC_NO_COMMON_BLOCKS = YES;
				GCC_OPTIMIZATION_LEVEL = 0;
				GCC_PREPROCESSOR_DEFINITIONS = (
					"DEBUG=1",
					"$(inherited)",
				);
				GCC_WARN_64_TO_32_BIT_CONVERSION = YES;
				GCC_WARN_ABOUT_RETURN_TYPE = YES_ERROR;
				GCC_WARN_UNDECLARED_SELECTOR = YES;
				GCC_WARN_UNINITIALIZED_AUTOS = YES_AGGRESSIVE;
				GCC_WARN_UNUSED_FUNCTION = YES;
				GCC_WARN_UNUSED_VARIABLE = YES;
				IPHONEOS_DEPLOYMENT_TARGET = 17.0;
				LOCALIZATION_PREFERS_STRING_CATALOGS = YES;
				MTL_ENABLE_DEBUG_INFO = INCLUDE_SOURCE;
				MTL_FAST_MATH = YES;
				ONLY_ACTIVE_ARCH = YES;
				SDKROOT = iphoneos;
				SWIFT_ACTIVE_COMPILATION_CONDITIONS = "DEBUG $(inherited)";
				SWIFT_OPTIMIZATION_LEVEL = "-Onone";
			};
			name = Debug;
		};
		D8A607472B2F3DE40093F5A4 /* Release */ = {
			isa = XCBuildConfiguration;
			buildSettings = {
				ALWAYS_SEARCH_USER_PATHS = NO;
				ASSETCATALOG_COMPILER_GENERATE_SWIFT_ASSET_SYMBOL_EXTENSIONS = YES;
				CLANG_ANALYZER_NONNULL = YES;
				CLANG_ANALYZER_NUMBER_OBJECT_CONVERSION = YES_AGGRESSIVE;
				CLANG_CXX_LANGUAGE_STANDARD = "gnu++20";
				CLANG_ENABLE_MODULES = YES;
				CLANG_ENABLE_OBJC_ARC = YES;
				CLANG_ENABLE_OBJC_WEAK = YES;
				CLANG_WARN_BLOCK_CAPTURE_AUTORELEASING = YES;
				CLANG_WARN_BOOL_CONVERSION = YES;
				CLANG_WARN_COMMA = YES;
				CLANG_WARN_CONSTANT_CONVERSION = YES;
				CLANG_WARN_DEPRECATED_OBJC_IMPLEMENTATIONS = YES;
				CLANG_WARN_DIRECT_OBJC_ISA_USAGE = YES_ERROR;
				CLANG_WARN_DOCUMENTATION_COMMENTS = YES;
				CLANG_WARN_EMPTY_BODY = YES;
				CLANG_WARN_ENUM_CONVERSION = YES;
				CLANG_WARN_INFINITE_RECURSION = YES;
				CLANG_WARN_INT_CONVERSION = YES;
				CLANG_WARN_NON_LITERAL_NULL_CONVERSION = YES;
				CLANG_WARN_OBJC_IMPLICIT_RETAIN_SELF = YES;
				CLANG_WARN_OBJC_LITERAL_CONVERSION = YES;
				CLANG_WARN_OBJC_ROOT_CLASS = YES_ERROR;
				CLANG_WARN_QUOTED_INCLUDE_IN_FRAMEWORK_HEADER = YES;
				CLANG_WARN_RANGE_LOOP_ANALYSIS = YES;
				CLANG_WARN_STRICT_PROTOTYPES = YES;
				CLANG_WARN_SUSPICIOUS_MOVE = YES;
				CLANG_WARN_UNGUARDED_AVAILABILITY = YES_AGGRESSIVE;
				CLANG_WARN_UNREACHABLE_CODE = YES;
				CLANG_WARN__DUPLICATE_METHOD_MATCH = YES;
				COPY_PHASE_STRIP = NO;
				DEBUG_INFORMATION_FORMAT = "dwarf-with-dsym";
				ENABLE_NS_ASSERTIONS = NO;
				ENABLE_STRICT_OBJC_MSGSEND = YES;
				ENABLE_USER_SCRIPT_SANDBOXING = YES;
				GCC_C_LANGUAGE_STANDARD = gnu17;
				GCC_NO_COMMON_BLOCKS = YES;
				GCC_WARN_64_TO_32_BIT_CONVERSION = YES;
				GCC_WARN_ABOUT_RETURN_TYPE = YES_ERROR;
				GCC_WARN_UNDECLARED_SELECTOR = YES;
				GCC_WARN_UNINITIALIZED_AUTOS = YES_AGGRESSIVE;
				GCC_WARN_UNUSED_FUNCTION = YES;
				GCC_WARN_UNUSED_VARIABLE = YES;
				IPHONEOS_DEPLOYMENT_TARGET = 17.0;
				LOCALIZATION_PREFERS_STRING_CATALOGS = YES;
				MTL_ENABLE_DEBUG_INFO = NO;
				MTL_FAST_MATH = YES;
				SDKROOT = iphoneos;
				SWIFT_COMPILATION_MODE = wholemodule;
				VALIDATE_PRODUCT = YES;
			};
			name = Release;
		};
		D8A607492B2F3DE40093F5A4 /* Debug */ = {
			isa = XCBuildConfiguration;
			baseConfigurationReference = 102511BD94F8A2F9E8293F39 /* Pods-EMSwiftUI.debug.xcconfig */;
			buildSettings = {
				ASSETCATALOG_COMPILER_APPICON_NAME = AppIcon;
				ASSETCATALOG_COMPILER_GLOBAL_ACCENT_COLOR_NAME = AccentColor;
				CODE_SIGN_STYLE = Automatic;
				CURRENT_PROJECT_VERSION = 1;
				DEVELOPMENT_ASSET_PATHS = "\"EMSwiftUI/Preview Content\"";
				DEVELOPMENT_TEAM = RD328L84B6;
				ENABLE_PREVIEWS = YES;
				ENABLE_USER_SCRIPT_SANDBOXING = NO;
				GENERATE_INFOPLIST_FILE = YES;
				INFOPLIST_FILE = EMSwiftUI/Info.plist;
				INFOPLIST_KEY_UIApplicationSceneManifest_Generation = YES;
				INFOPLIST_KEY_UIApplicationSupportsIndirectInputEvents = YES;
				INFOPLIST_KEY_UILaunchScreen_Generation = YES;
				INFOPLIST_KEY_UISupportedInterfaceOrientations_iPad = "UIInterfaceOrientationPortrait UIInterfaceOrientationPortraitUpsideDown UIInterfaceOrientationLandscapeLeft UIInterfaceOrientationLandscapeRight";
				INFOPLIST_KEY_UISupportedInterfaceOrientations_iPhone = "UIInterfaceOrientationPortrait UIInterfaceOrientationLandscapeLeft UIInterfaceOrientationLandscapeRight";
				IPHONEOS_DEPLOYMENT_TARGET = 16.2;
				LD_RUNPATH_SEARCH_PATHS = (
					"$(inherited)",
					"@executable_path/Frameworks",
				);
				MARKETING_VERSION = 1.0;
				PRODUCT_BUNDLE_IDENTIFIER = ru.planetHost.EMSwiftUI;
				PRODUCT_NAME = "$(TARGET_NAME)";
				SWIFT_EMIT_LOC_STRINGS = YES;
				SWIFT_VERSION = 5.0;
				TARGETED_DEVICE_FAMILY = "1,2";
			};
			name = Debug;
		};
		D8A6074A2B2F3DE40093F5A4 /* Release */ = {
			isa = XCBuildConfiguration;
			baseConfigurationReference = A93AE6ABC0F624436C5F3F76 /* Pods-EMSwiftUI.release.xcconfig */;
			buildSettings = {
				ASSETCATALOG_COMPILER_APPICON_NAME = AppIcon;
				ASSETCATALOG_COMPILER_GLOBAL_ACCENT_COLOR_NAME = AccentColor;
				CODE_SIGN_STYLE = Automatic;
				CURRENT_PROJECT_VERSION = 1;
				DEVELOPMENT_ASSET_PATHS = "\"EMSwiftUI/Preview Content\"";
				DEVELOPMENT_TEAM = RD328L84B6;
				ENABLE_PREVIEWS = YES;
				ENABLE_USER_SCRIPT_SANDBOXING = NO;
				GENERATE_INFOPLIST_FILE = YES;
				INFOPLIST_FILE = EMSwiftUI/Info.plist;
				INFOPLIST_KEY_UIApplicationSceneManifest_Generation = YES;
				INFOPLIST_KEY_UIApplicationSupportsIndirectInputEvents = YES;
				INFOPLIST_KEY_UILaunchScreen_Generation = YES;
				INFOPLIST_KEY_UISupportedInterfaceOrientations_iPad = "UIInterfaceOrientationPortrait UIInterfaceOrientationPortraitUpsideDown UIInterfaceOrientationLandscapeLeft UIInterfaceOrientationLandscapeRight";
				INFOPLIST_KEY_UISupportedInterfaceOrientations_iPhone = "UIInterfaceOrientationPortrait UIInterfaceOrientationLandscapeLeft UIInterfaceOrientationLandscapeRight";
				IPHONEOS_DEPLOYMENT_TARGET = 16.2;
				LD_RUNPATH_SEARCH_PATHS = (
					"$(inherited)",
					"@executable_path/Frameworks",
				);
				MARKETING_VERSION = 1.0;
				PRODUCT_BUNDLE_IDENTIFIER = ru.planetHost.EMSwiftUI;
				PRODUCT_NAME = "$(TARGET_NAME)";
				SWIFT_EMIT_LOC_STRINGS = YES;
				SWIFT_VERSION = 5.0;
				TARGETED_DEVICE_FAMILY = "1,2";
			};
			name = Release;
		};
/* End XCBuildConfiguration section */

/* Begin XCConfigurationList section */
		D8A607352B2F3DE20093F5A4 /* Build configuration list for PBXProject "EMSwiftUI" */ = {
			isa = XCConfigurationList;
			buildConfigurations = (
				D8A607462B2F3DE40093F5A4 /* Debug */,
				D8A607472B2F3DE40093F5A4 /* Release */,
			);
			defaultConfigurationIsVisible = 0;
			defaultConfigurationName = Release;
		};
		D8A607482B2F3DE40093F5A4 /* Build configuration list for PBXNativeTarget "EMSwiftUI" */ = {
			isa = XCConfigurationList;
			buildConfigurations = (
				D8A607492B2F3DE40093F5A4 /* Debug */,
				D8A6074A2B2F3DE40093F5A4 /* Release */,
			);
			defaultConfigurationIsVisible = 0;
			defaultConfigurationName = Release;
		};
/* End XCConfigurationList section */
	};
	rootObject = D8A607322B2F3DE20093F5A4 /* Project object */;
}
